
Microsoft Visual Studio Solution File, Format Version 12.00
# Visual Studio Version 17
VisualStudioVersion = 17.0.31903.59
MinimumVisualStudioVersion = 10.0.40219.1
Project("{FAE04EC0-301F-11D3-BF4B-00C04F79EFBC}") = "RabbitmqHelloWorld.Publisher", "RabbitmqHelloWorld.Publisher\RabbitmqHelloWorld.Publisher.csproj", "{F1E16089-656E-44EA-B1FA-39D649CB2705}"
EndProject
Project("{FAE04EC0-301F-11D3-BF4B-00C04F79EFBC}") = "RabbitmqHelloWorld.Subscriber", "RabbitmqHelloWorld.Subscriber\RabbitmqHelloWorld.Subscriber.csproj", "{492A7352-3994-4F8F-8890-F48125C5BAFA}"
EndProject
Global
	GlobalSection(SolutionConfigurationPlatforms) = preSolution
		Debug|Any CPU = Debug|Any CPU
		Release|Any CPU = Release|Any CPU
	EndGlobalSection
	GlobalSection(SolutionProperties) = preSolution
		HideSolutionNode = FALSE
	EndGlobalSection
	GlobalSection(ProjectConfigurationPlatforms) = postSolution
		{F1E16089-656E-44EA-B1FA-39D649CB2705}.Debug|Any CPU.ActiveCfg = Debug|Any CPU
		{F1E16089-656E-44EA-B1FA-39D649CB2705}.Debug|Any CPU.Build.0 = Debug|Any CPU
		{F1E16089-656E-44EA-B1FA-39D649CB2705}.Release|Any CPU.ActiveCfg = Release|Any CPU
		{F1E16089-656E-44EA-B1FA-39D649CB2705}.Release|Any CPU.Build.0 = Release|Any CPU
		{492A7352-3994-4F8F-8890-F48125C5BAFA}.Debug|Any CPU.ActiveCfg = Debug|Any CPU
		{492A7352-3994-4F8F-8890-F48125C5BAFA}.Debug|Any CPU.Build.0 = Debug|Any CPU
		{492A7352-3994-4F8F-8890-F48125C5BAFA}.Release|Any CPU.ActiveCfg = Release|Any CPU
		{492A7352-3994-4F8F-8890-F48125C5BAFA}.Release|Any CPU.Build.0 = Release|Any CPU
	EndGlobalSection
EndGlobal
